
Microsoft Visual Studio Solution File, Format Version 12.00
# Visual Studio 2013
VisualStudioVersion = 12.0.30723.0
MinimumVisualStudioVersion = 10.0.40219.1
Project("{2150E333-8FDC-42A3-9474-1A3956D46DE8}") = "Creational", "Creational", "{2601D38A-DED4-43D9-A536-7D212DA80EEB}"
EndProject
Project("{2150E333-8FDC-42A3-9474-1A3956D46DE8}") = "Structural", "Structural", "{A90220AD-4B7F-4D5F-85BA-D68C30AE5C4C}"
EndProject
Project("{2150E333-8FDC-42A3-9474-1A3956D46DE8}") = "Behavioral", "Behavioral", "{484D6C1A-41D5-4A12-A3D4-6821EE2014CB}"
EndProject
Project("{2150E333-8FDC-42A3-9474-1A3956D46DE8}") = "ChainOfResponsibility", "ChainOfResponsibility", "{EB214444-3B1A-4DB5-8172-DFF9686307DA}"
EndProject
Project("{2150E333-8FDC-42A3-9474-1A3956D46DE8}") = "Command", "Command", "{4CF7EA53-C954-40D0-9545-5B0EE5A4C839}"
EndProject
Project("{2150E333-8FDC-42A3-9474-1A3956D46DE8}") = "Intepreter", "Intepreter", "{B5FD9215-779B-4143-BBB0-36663C3C4DC1}"
EndProject
Project("{2150E333-8FDC-42A3-9474-1A3956D46DE8}") = "Iterator", "Iterator", "{9617E8B9-2E16-4889-B0D0-933122CF4419}"
EndProject
Project("{2150E333-8FDC-42A3-9474-1A3956D46DE8}") = "Mediator", "Mediator", "{BEBE6A8A-B02A-4C16-802F-DCF553BA9D57}"
EndProject
Project("{2150E333-8FDC-42A3-9474-1A3956D46DE8}") = "Memento", "Memento", "{C223276B-0F64-4E3F-B472-81FA4D706527}"
EndProject
Project("{2150E333-8FDC-42A3-9474-1A3956D46DE8}") = "Observer", "Observer", "{C9926ABC-2CDD-4046-AD95-EA3C1FDDE063}"
EndProject
Project("{2150E333-8FDC-42A3-9474-1A3956D46DE8}") = "State", "State", "{9D3718A3-1538-463F-AEB4-E5E57DF9123F}"
EndProject
Project("{2150E333-8FDC-42A3-9474-1A3956D46DE8}") = "Strategy", "Strategy", "{097B0246-79E8-4EA5-88D1-CA7D2C923D2F}"
EndProject
Project("{2150E333-8FDC-42A3-9474-1A3956D46DE8}") = "TemplateMethod", "TemplateMethod", "{11974619-6FFE-4456-9A77-4454A475DA52}"
EndProject
Project("{2150E333-8FDC-42A3-9474-1A3956D46DE8}") = "Visitor", "Visitor", "{31DC3DED-F60F-450F-A743-F6FE5DA3F052}"
EndProject
Project("{2150E333-8FDC-42A3-9474-1A3956D46DE8}") = "AbstractFactory", "AbstractFactory", "{2A041C00-1A32-4D2A-86A7-B923E85B4B09}"
EndProject
Project("{2150E333-8FDC-42A3-9474-1A3956D46DE8}") = "Builder", "Builder", "{18B80039-F375-4DD5-AD67-6F2E439FAF54}"
EndProject
Project("{2150E333-8FDC-42A3-9474-1A3956D46DE8}") = "FactoryMethod", "FactoryMethod", "{F8F3FF0E-248A-418C-AA9D-DAE1C2270980}"
EndProject
Project("{2150E333-8FDC-42A3-9474-1A3956D46DE8}") = "Prototype", "Prototype", "{5EBE8BF7-86C8-4B76-A6F4-7C35A3330F4A}"
EndProject
Project("{2150E333-8FDC-42A3-9474-1A3956D46DE8}") = "Singleton", "Singleton", "{77C6B582-7E94-4AB2-BA53-675FC85BA109}"
EndProject
Project("{2150E333-8FDC-42A3-9474-1A3956D46DE8}") = "Adapter", "Adapter", "{A69C0765-95FC-49A5-B49B-3A992C73A692}"
EndProject
Project("{2150E333-8FDC-42A3-9474-1A3956D46DE8}") = "Bridge", "Bridge", "{1CC2E4B5-F382-4D42-B1BB-4D420E8AFAA3}"
EndProject
Project("{2150E333-8FDC-42A3-9474-1A3956D46DE8}") = "Composite", "Composite", "{744CE820-2255-457D-AF28-943BF30DF267}"
EndProject
Project("{2150E333-8FDC-42A3-9474-1A3956D46DE8}") = "Decorator", "Decorator", "{B3B4CC15-DB4A-4B5E-8511-F92AC129F98E}"
EndProject
Project("{2150E333-8FDC-42A3-9474-1A3956D46DE8}") = "Facade", "Facade", "{A5F0899A-E488-469F-A519-3FEA97FFD342}"
EndProject
Project("{2150E333-8FDC-42A3-9474-1A3956D46DE8}") = "Flyweight", "Flyweight", "{FF90FB8D-9374-4AFD-9AA5-8ECC3D73B3F8}"
EndProject
Project("{2150E333-8FDC-42A3-9474-1A3956D46DE8}") = "Proxy", "Proxy", "{A8A7FD84-76D7-42A4-8636-3009429B18FF}"
EndProject
Project("{2150E333-8FDC-42A3-9474-1A3956D46DE8}") = "Various", "Various", "{CFD250D1-A1CD-4AA4-ACD4-C1CE0E3511B6}"
EndProject
Project("{2150E333-8FDC-42A3-9474-1A3956D46DE8}") = "EventAggregator", "EventAggregator", "{61D800B4-80D0-4D92-95AD-029E8DA57257}"
EndProject
Project("{2150E333-8FDC-42A3-9474-1A3956D46DE8}") = "LazyLoad", "LazyLoad", "{2BD3AAAB-1DD8-4F30-A167-AA019DA915AA}"
EndProject
Project("{2150E333-8FDC-42A3-9474-1A3956D46DE8}") = "MVP", "MVP", "{5A19DCAC-4C92-4361-9038-FE6525AB7B3F}"
EndProject
Project("{2150E333-8FDC-42A3-9474-1A3956D46DE8}") = "MVVM", "MVVM", "{68DF3B9E-D8B6-47B9-94AA-1C350950CFC8}"
EndProject
Project("{2150E333-8FDC-42A3-9474-1A3956D46DE8}") = "NullObject", "NullObject", "{7ABBFDB3-EB1C-4870-84CC-F98471A999B0}"
EndProject
Project("{2150E333-8FDC-42A3-9474-1A3956D46DE8}") = "Repository", "Repository", "{5BB5B748-332A-489C-9CDE-9587433D70AE}"
EndProject
Project("{2150E333-8FDC-42A3-9474-1A3956D46DE8}") = "ServiceLocator", "ServiceLocator", "{F1B4A931-8C78-419B-975D-A25C1DA7ED9E}"
EndProject
Project("{2150E333-8FDC-42A3-9474-1A3956D46DE8}") = "UnitOfWork", "UnitOfWork", "{8DFA311E-06D7-4361-A99D-C45E25F11CB8}"
EndProject
Project("{2150E333-8FDC-42A3-9474-1A3956D46DE8}") = "Rules", "Rules", "{E5B4733B-7448-439E-B247-4034FBAD38DD}"
EndProject
Project("{FAE04EC0-301F-11D3-BF4B-00C04F79EFBC}") = "Builder", "Builder\Builder.csproj", "{001199C5-1EDB-47E0-8F3E-32D3559B5C38}"
EndProject
Project("{FAE04EC0-301F-11D3-BF4B-00C04F79EFBC}") = "Adapter", "Adapter\Adapter.csproj", "{16302715-A055-4A1A-B468-A109BAE48849}"
EndProject
Project("{FAE04EC0-301F-11D3-BF4B-00C04F79EFBC}") = "ChainOfResponsibility", "ChainOfResponsibility\ChainOfResponsibility.csproj", "{7F92A985-8CD6-48B1-BA4F-F4D80B5B9DED}"
EndProject
Project("{FAE04EC0-301F-11D3-BF4B-00C04F79EFBC}") = "Command", "Command\Command.csproj", "{53AEA9B8-20BE-4A1E-B6B6-F90095A86482}"
EndProject
Project("{FAE04EC0-301F-11D3-BF4B-00C04F79EFBC}") = "Decorator", "Decorator\Decorator.csproj", "{A3993B84-CF48-4712-B6EB-33B8F1F764C5}"
EndProject
Project("{FAE04EC0-301F-11D3-BF4B-00C04F79EFBC}") = "EventAggregator", "EventAggregator\EventAggregator.csproj", "{1954FD08-4A80-44FB-B1EF-09E4B7F6F9B3}"
EndProject
Project("{FAE04EC0-301F-11D3-BF4B-00C04F79EFBC}") = "FactoryMethod", "FactoryMethod\FactoryMethod.csproj", "{08A27F07-474B-44AE-B18D-6B6715D004B8}"
EndProject
Project("{FAE04EC0-301F-11D3-BF4B-00C04F79EFBC}") = "AbstractFactory", "AbstractFactory\AbstractFactory.csproj", "{A8DB622C-8C11-4CBA-A854-9ECE4D742A65}"
EndProject
Project("{FAE04EC0-301F-11D3-BF4B-00C04F79EFBC}") = "Mediator", "Mediator\Mediator.csproj", "{A7FA39DD-7AD7-45C3-89DB-94A466D26C5C}"
EndProject
Project("{FAE04EC0-301F-11D3-BF4B-00C04F79EFBC}") = "Memento", "Memento\Memento.csproj", "{BC7B5187-BC38-44F8-8636-FFAB53B81435}"
EndProject
Project("{FAE04EC0-301F-11D3-BF4B-00C04F79EFBC}") = "Observer", "Observer\Observer.csproj", "{424CE7F2-8D9F-4EA8-AE26-23D5185801C7}"
EndProject
Project("{FAE04EC0-301F-11D3-BF4B-00C04F79EFBC}") = "Proxy", "Proxy\Proxy.csproj", "{5C495D3A-8813-48C9-80DF-531DBE66A5D0}"
EndProject
Project("{FAE04EC0-301F-11D3-BF4B-00C04F79EFBC}") = "ServiceLocator", "ServiceLocator\ServiceLocator.csproj", "{3B412F30-E0F5-413D-95EF-8D96F73D3D61}"
EndProject
Global
	GlobalSection(SolutionConfigurationPlatforms) = preSolution
		Debug|Any CPU = Debug|Any CPU
		Release|Any CPU = Release|Any CPU
	EndGlobalSection
	GlobalSection(ProjectConfigurationPlatforms) = postSolution
		{001199C5-1EDB-47E0-8F3E-32D3559B5C38}.Debug|Any CPU.ActiveCfg = Debug|Any CPU
		{001199C5-1EDB-47E0-8F3E-32D3559B5C38}.Debug|Any CPU.Build.0 = Debug|Any CPU
		{001199C5-1EDB-47E0-8F3E-32D3559B5C38}.Release|Any CPU.ActiveCfg = Release|Any CPU
		{001199C5-1EDB-47E0-8F3E-32D3559B5C38}.Release|Any CPU.Build.0 = Release|Any CPU
		{16302715-A055-4A1A-B468-A109BAE48849}.Debug|Any CPU.ActiveCfg = Debug|Any CPU
		{16302715-A055-4A1A-B468-A109BAE48849}.Debug|Any CPU.Build.0 = Debug|Any CPU
		{16302715-A055-4A1A-B468-A109BAE48849}.Release|Any CPU.ActiveCfg = Release|Any CPU
		{16302715-A055-4A1A-B468-A109BAE48849}.Release|Any CPU.Build.0 = Release|Any CPU
		{7F92A985-8CD6-48B1-BA4F-F4D80B5B9DED}.Debug|Any CPU.ActiveCfg = Debug|Any CPU
		{7F92A985-8CD6-48B1-BA4F-F4D80B5B9DED}.Debug|Any CPU.Build.0 = Debug|Any CPU
		{7F92A985-8CD6-48B1-BA4F-F4D80B5B9DED}.Release|Any CPU.ActiveCfg = Release|Any CPU
		{7F92A985-8CD6-48B1-BA4F-F4D80B5B9DED}.Release|Any CPU.Build.0 = Release|Any CPU
		{53AEA9B8-20BE-4A1E-B6B6-F90095A86482}.Debug|Any CPU.ActiveCfg = Debug|Any CPU
		{53AEA9B8-20BE-4A1E-B6B6-F90095A86482}.Debug|Any CPU.Build.0 = Debug|Any CPU
		{53AEA9B8-20BE-4A1E-B6B6-F90095A86482}.Release|Any CPU.ActiveCfg = Release|Any CPU
		{53AEA9B8-20BE-4A1E-B6B6-F90095A86482}.Release|Any CPU.Build.0 = Release|Any CPU
		{A3993B84-CF48-4712-B6EB-33B8F1F764C5}.Debug|Any CPU.ActiveCfg = Debug|Any CPU
		{A3993B84-CF48-4712-B6EB-33B8F1F764C5}.Debug|Any CPU.Build.0 = Debug|Any CPU
		{A3993B84-CF48-4712-B6EB-33B8F1F764C5}.Release|Any CPU.ActiveCfg = Release|Any CPU
		{A3993B84-CF48-4712-B6EB-33B8F1F764C5}.Release|Any CPU.Build.0 = Release|Any CPU
		{1954FD08-4A80-44FB-B1EF-09E4B7F6F9B3}.Debug|Any CPU.ActiveCfg = Debug|Any CPU
		{1954FD08-4A80-44FB-B1EF-09E4B7F6F9B3}.Debug|Any CPU.Build.0 = Debug|Any CPU
		{1954FD08-4A80-44FB-B1EF-09E4B7F6F9B3}.Release|Any CPU.ActiveCfg = Release|Any CPU
		{1954FD08-4A80-44FB-B1EF-09E4B7F6F9B3}.Release|Any CPU.Build.0 = Release|Any CPU
		{08A27F07-474B-44AE-B18D-6B6715D004B8}.Debug|Any CPU.ActiveCfg = Debug|Any CPU
		{08A27F07-474B-44AE-B18D-6B6715D004B8}.Debug|Any CPU.Build.0 = Debug|Any CPU
		{08A27F07-474B-44AE-B18D-6B6715D004B8}.Release|Any CPU.ActiveCfg = Release|Any CPU
		{08A27F07-474B-44AE-B18D-6B6715D004B8}.Release|Any CPU.Build.0 = Release|Any CPU
		{A8DB622C-8C11-4CBA-A854-9ECE4D742A65}.Debug|Any CPU.ActiveCfg = Debug|Any CPU
		{A8DB622C-8C11-4CBA-A854-9ECE4D742A65}.Debug|Any CPU.Build.0 = Debug|Any CPU
		{A8DB622C-8C11-4CBA-A854-9ECE4D742A65}.Release|Any CPU.ActiveCfg = Release|Any CPU
		{A8DB622C-8C11-4CBA-A854-9ECE4D742A65}.Release|Any CPU.Build.0 = Release|Any CPU
		{A7FA39DD-7AD7-45C3-89DB-94A466D26C5C}.Debug|Any CPU.ActiveCfg = Debug|Any CPU
		{A7FA39DD-7AD7-45C3-89DB-94A466D26C5C}.Debug|Any CPU.Build.0 = Debug|Any CPU
		{A7FA39DD-7AD7-45C3-89DB-94A466D26C5C}.Release|Any CPU.ActiveCfg = Release|Any CPU
		{A7FA39DD-7AD7-45C3-89DB-94A466D26C5C}.Release|Any CPU.Build.0 = Release|Any CPU
		{BC7B5187-BC38-44F8-8636-FFAB53B81435}.Debug|Any CPU.ActiveCfg = Debug|Any CPU
		{BC7B5187-BC38-44F8-8636-FFAB53B81435}.Debug|Any CPU.Build.0 = Debug|Any CPU
		{BC7B5187-BC38-44F8-8636-FFAB53B81435}.Release|Any CPU.ActiveCfg = Release|Any CPU
		{BC7B5187-BC38-44F8-8636-FFAB53B81435}.Release|Any CPU.Build.0 = Release|Any CPU
		{424CE7F2-8D9F-4EA8-AE26-23D5185801C7}.Debug|Any CPU.ActiveCfg = Debug|Any CPU
		{424CE7F2-8D9F-4EA8-AE26-23D5185801C7}.Debug|Any CPU.Build.0 = Debug|Any CPU
		{424CE7F2-8D9F-4EA8-AE26-23D5185801C7}.Release|Any CPU.ActiveCfg = Release|Any CPU
		{424CE7F2-8D9F-4EA8-AE26-23D5185801C7}.Release|Any CPU.Build.0 = Release|Any CPU
		{5C495D3A-8813-48C9-80DF-531DBE66A5D0}.Debug|Any CPU.ActiveCfg = Debug|Any CPU
		{5C495D3A-8813-48C9-80DF-531DBE66A5D0}.Debug|Any CPU.Build.0 = Debug|Any CPU
		{5C495D3A-8813-48C9-80DF-531DBE66A5D0}.Release|Any CPU.ActiveCfg = Release|Any CPU
		{5C495D3A-8813-48C9-80DF-531DBE66A5D0}.Release|Any CPU.Build.0 = Release|Any CPU
		{3B412F30-E0F5-413D-95EF-8D96F73D3D61}.Debug|Any CPU.ActiveCfg = Debug|Any CPU
		{3B412F30-E0F5-413D-95EF-8D96F73D3D61}.Debug|Any CPU.Build.0 = Debug|Any CPU
		{3B412F30-E0F5-413D-95EF-8D96F73D3D61}.Release|Any CPU.ActiveCfg = Release|Any CPU
		{3B412F30-E0F5-413D-95EF-8D96F73D3D61}.Release|Any CPU.Build.0 = Release|Any CPU
	EndGlobalSection
	GlobalSection(SolutionProperties) = preSolution
		HideSolutionNode = FALSE
	EndGlobalSection
	GlobalSection(NestedProjects) = preSolution
		{EB214444-3B1A-4DB5-8172-DFF9686307DA} = {484D6C1A-41D5-4A12-A3D4-6821EE2014CB}
		{4CF7EA53-C954-40D0-9545-5B0EE5A4C839} = {484D6C1A-41D5-4A12-A3D4-6821EE2014CB}
		{B5FD9215-779B-4143-BBB0-36663C3C4DC1} = {484D6C1A-41D5-4A12-A3D4-6821EE2014CB}
		{9617E8B9-2E16-4889-B0D0-933122CF4419} = {484D6C1A-41D5-4A12-A3D4-6821EE2014CB}
		{BEBE6A8A-B02A-4C16-802F-DCF553BA9D57} = {484D6C1A-41D5-4A12-A3D4-6821EE2014CB}
		{C223276B-0F64-4E3F-B472-81FA4D706527} = {484D6C1A-41D5-4A12-A3D4-6821EE2014CB}
		{C9926ABC-2CDD-4046-AD95-EA3C1FDDE063} = {484D6C1A-41D5-4A12-A3D4-6821EE2014CB}
		{9D3718A3-1538-463F-AEB4-E5E57DF9123F} = {484D6C1A-41D5-4A12-A3D4-6821EE2014CB}
		{097B0246-79E8-4EA5-88D1-CA7D2C923D2F} = {484D6C1A-41D5-4A12-A3D4-6821EE2014CB}
		{11974619-6FFE-4456-9A77-4454A475DA52} = {484D6C1A-41D5-4A12-A3D4-6821EE2014CB}
		{31DC3DED-F60F-450F-A743-F6FE5DA3F052} = {484D6C1A-41D5-4A12-A3D4-6821EE2014CB}
		{2A041C00-1A32-4D2A-86A7-B923E85B4B09} = {2601D38A-DED4-43D9-A536-7D212DA80EEB}
		{18B80039-F375-4DD5-AD67-6F2E439FAF54} = {2601D38A-DED4-43D9-A536-7D212DA80EEB}
		{F8F3FF0E-248A-418C-AA9D-DAE1C2270980} = {2601D38A-DED4-43D9-A536-7D212DA80EEB}
		{5EBE8BF7-86C8-4B76-A6F4-7C35A3330F4A} = {2601D38A-DED4-43D9-A536-7D212DA80EEB}
		{77C6B582-7E94-4AB2-BA53-675FC85BA109} = {2601D38A-DED4-43D9-A536-7D212DA80EEB}
		{A69C0765-95FC-49A5-B49B-3A992C73A692} = {A90220AD-4B7F-4D5F-85BA-D68C30AE5C4C}
		{1CC2E4B5-F382-4D42-B1BB-4D420E8AFAA3} = {A90220AD-4B7F-4D5F-85BA-D68C30AE5C4C}
		{744CE820-2255-457D-AF28-943BF30DF267} = {A90220AD-4B7F-4D5F-85BA-D68C30AE5C4C}
		{B3B4CC15-DB4A-4B5E-8511-F92AC129F98E} = {A90220AD-4B7F-4D5F-85BA-D68C30AE5C4C}
		{A5F0899A-E488-469F-A519-3FEA97FFD342} = {A90220AD-4B7F-4D5F-85BA-D68C30AE5C4C}
		{FF90FB8D-9374-4AFD-9AA5-8ECC3D73B3F8} = {A90220AD-4B7F-4D5F-85BA-D68C30AE5C4C}
		{A8A7FD84-76D7-42A4-8636-3009429B18FF} = {A90220AD-4B7F-4D5F-85BA-D68C30AE5C4C}
		{61D800B4-80D0-4D92-95AD-029E8DA57257} = {CFD250D1-A1CD-4AA4-ACD4-C1CE0E3511B6}
		{2BD3AAAB-1DD8-4F30-A167-AA019DA915AA} = {CFD250D1-A1CD-4AA4-ACD4-C1CE0E3511B6}
		{5A19DCAC-4C92-4361-9038-FE6525AB7B3F} = {CFD250D1-A1CD-4AA4-ACD4-C1CE0E3511B6}
		{68DF3B9E-D8B6-47B9-94AA-1C350950CFC8} = {CFD250D1-A1CD-4AA4-ACD4-C1CE0E3511B6}
		{7ABBFDB3-EB1C-4870-84CC-F98471A999B0} = {CFD250D1-A1CD-4AA4-ACD4-C1CE0E3511B6}
		{5BB5B748-332A-489C-9CDE-9587433D70AE} = {CFD250D1-A1CD-4AA4-ACD4-C1CE0E3511B6}
		{F1B4A931-8C78-419B-975D-A25C1DA7ED9E} = {CFD250D1-A1CD-4AA4-ACD4-C1CE0E3511B6}
		{8DFA311E-06D7-4361-A99D-C45E25F11CB8} = {CFD250D1-A1CD-4AA4-ACD4-C1CE0E3511B6}
		{E5B4733B-7448-439E-B247-4034FBAD38DD} = {CFD250D1-A1CD-4AA4-ACD4-C1CE0E3511B6}
		{001199C5-1EDB-47E0-8F3E-32D3559B5C38} = {18B80039-F375-4DD5-AD67-6F2E439FAF54}
		{16302715-A055-4A1A-B468-A109BAE48849} = {A69C0765-95FC-49A5-B49B-3A992C73A692}
		{7F92A985-8CD6-48B1-BA4F-F4D80B5B9DED} = {EB214444-3B1A-4DB5-8172-DFF9686307DA}
		{53AEA9B8-20BE-4A1E-B6B6-F90095A86482} = {4CF7EA53-C954-40D0-9545-5B0EE5A4C839}
		{A3993B84-CF48-4712-B6EB-33B8F1F764C5} = {B3B4CC15-DB4A-4B5E-8511-F92AC129F98E}
		{1954FD08-4A80-44FB-B1EF-09E4B7F6F9B3} = {61D800B4-80D0-4D92-95AD-029E8DA57257}
		{08A27F07-474B-44AE-B18D-6B6715D004B8} = {F8F3FF0E-248A-418C-AA9D-DAE1C2270980}
		{A8DB622C-8C11-4CBA-A854-9ECE4D742A65} = {2A041C00-1A32-4D2A-86A7-B923E85B4B09}
		{A7FA39DD-7AD7-45C3-89DB-94A466D26C5C} = {BEBE6A8A-B02A-4C16-802F-DCF553BA9D57}
		{BC7B5187-BC38-44F8-8636-FFAB53B81435} = {C223276B-0F64-4E3F-B472-81FA4D706527}
		{424CE7F2-8D9F-4EA8-AE26-23D5185801C7} = {C9926ABC-2CDD-4046-AD95-EA3C1FDDE063}
		{5C495D3A-8813-48C9-80DF-531DBE66A5D0} = {A8A7FD84-76D7-42A4-8636-3009429B18FF}
		{3B412F30-E0F5-413D-95EF-8D96F73D3D61} = {F1B4A931-8C78-419B-975D-A25C1DA7ED9E}
	EndGlobalSection
EndGlobal
